PODS:
  - Nimble (4.1.0)
  - Quick (0.9.2)
  - ReactiveCocoa (5.0.0-alpha.2):
    - ReactiveSwift (~> 1.0.0-alpha.3)
  - ReactiveSwift (1.0.0-alpha.3):
    - Result (~> 3.0)
  - Result (3.0.0)
  - SnapKit (3.0.2)

DEPENDENCIES:
  - Nimble
  - Quick
  - ReactiveCocoa (= 5.0.0-alpha.2)
  - SnapKit

SPEC CHECKSUMS:
  Nimble: 97a0a4cae5124c117115634b2d055d8c97d0af19
  Quick: 18d057bc66451eedd5d1c8dc99ba2a5db6e60226
  ReactiveCocoa: 14a6358d1009c90c3078bc352ce84c102b78c45e
  ReactiveSwift: d67b677f9574ba614d94022a88fcf456e77fa515
  Result: 1b3e431f37cbcd3ad89c6aa9ab0ae55515fae3b6
  SnapKit: 2e456761aa92d4d4067a7a5594c18769d451a8ad

PODFILE CHECKSUM: a18d67820744ee7760a5c22c4802f59aee17547b

COCOAPODS: 1.1.1
