// !$*UTF8*$!
{
	archiveVersion = 1;
	classes = {
	};
	objectVersion = 46;
	objects = {

/* Begin PBXBuildFile section */
		0CFAE7D4620359B0A401582C /* Pods_PortalTests.framework in Frameworks */ = {isa = PBXBuildFile; fileRef = FB6AD0E80970FB16CE315E41 /* Pods_PortalTests.framework */; };
		453CFBDED542C343FFAD3D63 /* Pods_PortalUITests.framework in Frameworks */ = {isa = PBXBuildFile; fileRef = E32A3E4D2B3256D3F06F23AB /* Pods_PortalUITests.framework */; };
		7B6379AC9A90ADD091C02B2D /* Pods_Portal.framework in Frameworks */ = {isa = PBXBuildFile; fileRef = FF5A5D27754F4D34CA6A6C3A /* Pods_Portal.framework */; };
		9F2C05561D6C8DE000D394AC /* File.swift in Sources */ = {isa = PBXBuildFile; fileRef = FA5C55591D62D026003DDDC3 /* File.swift */; };
		9F2C05571D6C8DE000D394AC /* NavigationControllerStack.swift in Sources */ = {isa = PBXBuildFile; fileRef = 9FAB0FEE1D4FA21E0017B881 /* NavigationControllerStack.swift */; };
		9F2C05581D6C8DE000D394AC /* ViewController.swift in Sources */ = {isa = PBXBuildFile; fileRef = 9FAB0FF01D4FA2710017B881 /* ViewController.swift */; };
		9F2C05591D6C8DE000D394AC /* NavigationController.swift in Sources */ = {isa = PBXBuildFile; fileRef = 9FAB0FF21D4FA70F0017B881 /* NavigationController.swift */; };
		9F2C055B1D6C8DE000D394AC /* ViewModel.swift in Sources */ = {isa = PBXBuildFile; fileRef = 9FAB0FE91D4FA14B0017B881 /* ViewModel.swift */; };
		9F2C055C1D6C8DE000D394AC /* ViewModelServices.swift in Sources */ = {isa = PBXBuildFile; fileRef = 9FAB0FF41D4FA9AB0017B881 /* ViewModelServices.swift */; };
		9F2C055D1D6C8DE000D394AC /* NavigationProtocal.swift in Sources */ = {isa = PBXBuildFile; fileRef = 9FAB0FF61D4FAA0D0017B881 /* NavigationProtocal.swift */; };
		9F2C055E1D6C8DE000D394AC /* AppDelegate.swift in Sources */ = {isa = PBXBuildFile; fileRef = 9F55B6341D4CFB0100F1C573 /* AppDelegate.swift */; };
		9F2C055F1D6C8DE000D394AC /* FileSpec.swift in Sources */ = {isa = PBXBuildFile; fileRef = 9FB8FF1E1D6360A10015C945 /* FileSpec.swift */; };
		9F45E19C1D388ABA003DECDF /* PortalUITests.swift in Sources */ = {isa = PBXBuildFile; fileRef = 9F45E19B1D388ABA003DECDF /* PortalUITests.swift */; };
		9F55B6381D4CFB0100F1C573 /* Assets.xcassets in Resources */ = {isa = PBXBuildFile; fileRef = 9F55B6321D4CFB0100F1C573 /* Assets.xcassets */; };
		9F55B6391D4CFB0100F1C573 /* AppDelegate.swift in Sources */ = {isa = PBXBuildFile; fileRef = 9F55B6341D4CFB0100F1C573 /* AppDelegate.swift */; };
		9F55B63A1D4CFB0100F1C573 /* LaunchScreen.storyboard in Resources */ = {isa = PBXBuildFile; fileRef = 9F55B6351D4CFB0100F1C573 /* LaunchScreen.storyboard */; };
		9F8C1C571D6D3D96006DEA03 /* Router.swift in Sources */ = {isa = PBXBuildFile; fileRef = 9F8C1C561D6D3D96006DEA03 /* Router.swift */; };
		9F8C1C581D6D3D96006DEA03 /* Router.swift in Sources */ = {isa = PBXBuildFile; fileRef = 9F8C1C561D6D3D96006DEA03 /* Router.swift */; };
		9F8C1C591D6D3D96006DEA03 /* Router.swift in Sources */ = {isa = PBXBuildFile; fileRef = 9F8C1C561D6D3D96006DEA03 /* Router.swift */; };
		9F8C1C5B1D6D4940006DEA03 /* Global.swift in Sources */ = {isa = PBXBuildFile; fileRef = 9F8C1C5A1D6D4940006DEA03 /* Global.swift */; };
		9F8C1C5C1D6D4940006DEA03 /* Global.swift in Sources */ = {isa = PBXBuildFile; fileRef = 9F8C1C5A1D6D4940006DEA03 /* Global.swift */; };
		9F8C1C5D1D6D4940006DEA03 /* Global.swift in Sources */ = {isa = PBXBuildFile; fileRef = 9F8C1C5A1D6D4940006DEA03 /* Global.swift */; };
		9FAB0FEA1D4FA14B0017B881 /* ViewModel.swift in Sources */ = {isa = PBXBuildFile; fileRef = 9FAB0FE91D4FA14B0017B881 /* ViewModel.swift */; };
		9FAB0FEF1D4FA21E0017B881 /* NavigationControllerStack.swift in Sources */ = {isa = PBXBuildFile; fileRef = 9FAB0FEE1D4FA21E0017B881 /* NavigationControllerStack.swift */; };
		9FAB0FF11D4FA2710017B881 /* ViewController.swift in Sources */ = {isa = PBXBuildFile; fileRef = 9FAB0FF01D4FA2710017B881 /* ViewController.swift */; };
		9FAB0FF31D4FA70F0017B881 /* NavigationController.swift in Sources */ = {isa = PBXBuildFile; fileRef = 9FAB0FF21D4FA70F0017B881 /* NavigationController.swift */; };
		9FAB0FF51D4FA9AB0017B881 /* ViewModelServices.swift in Sources */ = {isa = PBXBuildFile; fileRef = 9FAB0FF41D4FA9AB0017B881 /* ViewModelServices.swift */; };
		9FAB0FF71D4FAA0D0017B881 /* NavigationProtocal.swift in Sources */ = {isa = PBXBuildFile; fileRef = 9FAB0FF61D4FAA0D0017B881 /* NavigationProtocal.swift */; };
		9FB8FF1F1D6360A10015C945 /* FileSpec.swift in Sources */ = {isa = PBXBuildFile; fileRef = 9FB8FF1E1D6360A10015C945 /* FileSpec.swift */; };
		FA5C55551D61ED5B003DDDC3 /* ViewModel.swift in Sources */ = {isa = PBXBuildFile; fileRef = 9FAB0FE91D4FA14B0017B881 /* ViewModel.swift */; };
		FA5C55561D61ED6B003DDDC3 /* ViewModelServices.swift in Sources */ = {isa = PBXBuildFile; fileRef = 9FAB0FF41D4FA9AB0017B881 /* ViewModelServices.swift */; };
		FA5C55571D61ED8B003DDDC3 /* NavigationProtocal.swift in Sources */ = {isa = PBXBuildFile; fileRef = 9FAB0FF61D4FAA0D0017B881 /* NavigationProtocal.swift */; };
		FA5C555A1D62D026003DDDC3 /* File.swift in Sources */ = {isa = PBXBuildFile; fileRef = FA5C55591D62D026003DDDC3 /* File.swift */; };
		FA5C555B1D62D026003DDDC3 /* File.swift in Sources */ = {isa = PBXBuildFile; fileRef = FA5C55591D62D026003DDDC3 /* File.swift */; };
/* End PBXBuildFile section */

/* Begin PBXContainerItemProxy section */
		9F45E18D1D388ABA003DECDF /* PBXContainerItemProxy */ = {
			isa = PBXContainerItemProxy;
			containerPortal = 9F45E1701D388ABA003DECDF /* Project object */;
			proxyType = 1;
			remoteGlobalIDString = 9F45E1771D388ABA003DECDF;
			remoteInfo = Portal;
		};
		9F45E1981D388ABA003DECDF /* PBXContainerItemProxy */ = {
			isa = PBXContainerItemProxy;
			containerPortal = 9F45E1701D388ABA003DECDF /* Project object */;
			proxyType = 1;
			remoteGlobalIDString = 9F45E1771D388ABA003DECDF;
			remoteInfo = Portal;
		};
/* End PBXContainerItemProxy section */

/* Begin PBXFileReference section */
		0210F3EE1537CC96B4712535 /* Pods-PortalUITests.debug.xcconfig */ = {isa = PBXFileReference; includeInIndex = 1; lastKnownFileType = text.xcconfig; name = "Pods-PortalUITests.debug.xcconfig"; path = "Pods/Target Support Files/Pods-PortalUITests/Pods-PortalUITests.debug.xcconfig"; sourceTree = "<group>"; };
		20266D7A7536289448EB66B8 /* Pods-Portal.debug.xcconfig */ = {isa = PBXFileReference; includeInIndex = 1; lastKnownFileType = text.xcconfig; name = "Pods-Portal.debug.xcconfig"; path = "Pods/Target Support Files/Pods-Portal/Pods-Portal.debug.xcconfig"; sourceTree = "<group>"; };
		3CC038D04356E4D91E56DA78 /* Pods-Portal.release.xcconfig */ = {isa = PBXFileReference; includeInIndex = 1; lastKnownFileType = text.xcconfig; name = "Pods-Portal.release.xcconfig"; path = "Pods/Target Support Files/Pods-Portal/Pods-Portal.release.xcconfig"; sourceTree = "<group>"; };
		999882C20DCE9EF77391160C /* Pods-PortalTests.debug.xcconfig */ = {isa = PBXFileReference; includeInIndex = 1; lastKnownFileType = text.xcconfig; name = "Pods-PortalTests.debug.xcconfig"; path = "Pods/Target Support Files/Pods-PortalTests/Pods-PortalTests.debug.xcconfig"; sourceTree = "<group>"; };
		9F45E1781D388ABA003DECDF /* Portal.app */ = {isa = PBXFileReference; explicitFileType = wrapper.application; includeInIndex = 0; path = Portal.app; sourceTree = BUILT_PRODUCTS_DIR; };
		9F45E18C1D388ABA003DECDF /* PortalTests.xctest */ = {isa = PBXFileReference; explicitFileType = wrapper.cfbundle; includeInIndex = 0; path = PortalTests.xctest; sourceTree = BUILT_PRODUCTS_DIR; };
		9F45E1921D388ABA003DECDF /* Info.plist */ = {isa = PBXFileReference; lastKnownFileType = text.plist.xml; path = Info.plist; sourceTree = "<group>"; };
		9F45E1971D388ABA003DECDF /* PortalUITests.xctest */ = {isa = PBXFileReference; explicitFileType = wrapper.cfbundle; includeInIndex = 0; path = PortalUITests.xctest; sourceTree = BUILT_PRODUCTS_DIR; };
		9F45E19B1D388ABA003DECDF /* PortalUITests.swift */ = {isa = PBXFileReference; lastKnownFileType = sourcecode.swift; path = PortalUITests.swift; sourceTree = "<group>"; };
		9F45E19D1D388ABA003DECDF /* Info.plist */ = {isa = PBXFileReference; lastKnownFileType = text.plist.xml; path = Info.plist; sourceTree = "<group>"; };
		9F55B6321D4CFB0100F1C573 /* Assets.xcassets */ = {isa = PBXFileReference; lastKnownFileType = folder.assetcatalog; path = Assets.xcassets; sourceTree = "<group>"; };
		9F55B6341D4CFB0100F1C573 /* AppDelegate.swift */ = {isa = PBXFileReference; fileEncoding = 4; lastKnownFileType = sourcecode.swift; path = AppDelegate.swift; sourceTree = "<group>"; };
		9F55B6361D4CFB0100F1C573 /* Base */ = {isa = PBXFileReference; lastKnownFileType = file.storyboard; name = Base; path = Base.lproj/LaunchScreen.storyboard; sourceTree = "<group>"; };
		9F55B6371D4CFB0100F1C573 /* Info.plist */ = {isa = PBXFileReference; fileEncoding = 4; lastKnownFileType = text.plist.xml; path = Info.plist; sourceTree = "<group>"; };
		9F8C1C561D6D3D96006DEA03 /* Router.swift */ = {isa = PBXFileReference; fileEncoding = 4; lastKnownFileType = sourcecode.swift; name = Router.swift; path = Utils/Router.swift; sourceTree = "<group>"; };
		9F8C1C5A1D6D4940006DEA03 /* Global.swift */ = {isa = PBXFileReference; fileEncoding = 4; lastKnownFileType = sourcecode.swift; name = Global.swift; path = Utils/Global.swift; sourceTree = "<group>"; };
		9FAB0FE91D4FA14B0017B881 /* ViewModel.swift */ = {isa = PBXFileReference; fileEncoding = 4; lastKnownFileType = sourcecode.swift; name = ViewModel.swift; path = ViewModels/BaseClasses/ViewModel.swift; sourceTree = "<group>"; };
		9FAB0FEE1D4FA21E0017B881 /* NavigationControllerStack.swift */ = {isa = PBXFileReference; fileEncoding = 4; lastKnownFileType = sourcecode.swift; name = NavigationControllerStack.swift; path = Views/BaseClasses/NavigationControllerStack.swift; sourceTree = "<group>"; };
		9FAB0FF01D4FA2710017B881 /* ViewController.swift */ = {isa = PBXFileReference; fileEncoding = 4; lastKnownFileType = sourcecode.swift; name = ViewController.swift; path = Views/BaseClasses/ViewController.swift; sourceTree = "<group>"; };
		9FAB0FF21D4FA70F0017B881 /* NavigationController.swift */ = {isa = PBXFileReference; fileEncoding = 4; lastKnownFileType = sourcecode.swift; name = NavigationController.swift; path = Views/BaseClasses/NavigationController.swift; sourceTree = "<group>"; };
		9FAB0FF41D4FA9AB0017B881 /* ViewModelServices.swift */ = {isa = PBXFileReference; fileEncoding = 4; lastKnownFileType = sourcecode.swift; name = ViewModelServices.swift; path = ViewModels/BaseClasses/ViewModelServices.swift; sourceTree = "<group>"; };
		9FAB0FF61D4FAA0D0017B881 /* NavigationProtocal.swift */ = {isa = PBXFileReference; fileEncoding = 4; lastKnownFileType = sourcecode.swift; name = NavigationProtocal.swift; path = ViewModels/BaseClasses/NavigationProtocal.swift; sourceTree = "<group>"; };
		9FB8FF1E1D6360A10015C945 /* FileSpec.swift */ = {isa = PBXFileReference; fileEncoding = 4; lastKnownFileType = sourcecode.swift; path = FileSpec.swift; sourceTree = "<group>"; };
		AF53E2C866840CDCEAE55F4B /* Pods-PortalUITests.release.xcconfig */ = {isa = PBXFileReference; includeInIndex = 1; lastKnownFileType = text.xcconfig; name = "Pods-PortalUITests.release.xcconfig"; path = "Pods/Target Support Files/Pods-PortalUITests/Pods-PortalUITests.release.xcconfig"; sourceTree = "<group>"; };
		DE45ED37E4A9B418C74DDAF0 /* Pods-PortalTests.release.xcconfig */ = {isa = PBXFileReference; includeInIndex = 1; lastKnownFileType = text.xcconfig; name = "Pods-PortalTests.release.xcconfig"; path = "Pods/Target Support Files/Pods-PortalTests/Pods-PortalTests.release.xcconfig"; sourceTree = "<group>"; };
		E32A3E4D2B3256D3F06F23AB /* Pods_PortalUITests.framework */ = {isa = PBXFileReference; explicitFileType = wrapper.framework; includeInIndex = 0; path = Pods_PortalUITests.framework; sourceTree = BUILT_PRODUCTS_DIR; };
		FA5C55591D62D026003DDDC3 /* File.swift */ = {isa = PBXFileReference; fileEncoding = 4; lastKnownFileType = sourcecode.swift; name = File.swift; path = Models/File/File.swift; sourceTree = "<group>"; };
		FB6AD0E80970FB16CE315E41 /* Pods_PortalTests.framework */ = {isa = PBXFileReference; explicitFileType = wrapper.framework; includeInIndex = 0; path = Pods_PortalTests.framework; sourceTree = BUILT_PRODUCTS_DIR; };
		FF5A5D27754F4D34CA6A6C3A /* Pods_Portal.framework */ = {isa = PBXFileReference; explicitFileType = wrapper.framework; includeInIndex = 0; path = Pods_Portal.framework; sourceTree = BUILT_PRODUCTS_DIR; };
/* End PBXFileReference section */

/* Begin PBXFrameworksBuildPhase section */
		9F45E1751D388ABA003DECDF /* Frameworks */ = {
			isa = PBXFrameworksBuildPhase;
			buildActionMask = 2147483647;
			files = (
				7B6379AC9A90ADD091C02B2D /* Pods_Portal.framework in Frameworks */,
			);
			runOnlyForDeploymentPostprocessing = 0;
		};
		9F45E1891D388ABA003DECDF /* Frameworks */ = {
			isa = PBXFrameworksBuildPhase;
			buildActionMask = 2147483647;
			files = (
				0CFAE7D4620359B0A401582C /* Pods_PortalTests.framework in Frameworks */,
			);
			runOnlyForDeploymentPostprocessing = 0;
		};
		9F45E1941D388ABA003DECDF /* Frameworks */ = {
			isa = PBXFrameworksBuildPhase;
			buildActionMask = 2147483647;
			files = (
				453CFBDED542C343FFAD3D63 /* Pods_PortalUITests.framework in Frameworks */,
			);
			runOnlyForDeploymentPostprocessing = 0;
		};
/* End PBXFrameworksBuildPhase section */

/* Begin PBXGroup section */
		3FA491F0C84304D9B25F552E /* Pods */ = {
			isa = PBXGroup;
			children = (
				20266D7A7536289448EB66B8 /* Pods-Portal.debug.xcconfig */,
				3CC038D04356E4D91E56DA78 /* Pods-Portal.release.xcconfig */,
				999882C20DCE9EF77391160C /* Pods-PortalTests.debug.xcconfig */,
				DE45ED37E4A9B418C74DDAF0 /* Pods-PortalTests.release.xcconfig */,
				0210F3EE1537CC96B4712535 /* Pods-PortalUITests.debug.xcconfig */,
				AF53E2C866840CDCEAE55F4B /* Pods-PortalUITests.release.xcconfig */,
			);
			name = Pods;
			sourceTree = "<group>";
		};
		68C61F8FF3BEE1D2C7890FB6 /* Frameworks */ = {
			isa = PBXGroup;
			children = (
				FF5A5D27754F4D34CA6A6C3A /* Pods_Portal.framework */,
				FB6AD0E80970FB16CE315E41 /* Pods_PortalTests.framework */,
				E32A3E4D2B3256D3F06F23AB /* Pods_PortalUITests.framework */,
			);
			name = Frameworks;
			sourceTree = "<group>";
		};
		9F45E16F1D388ABA003DECDF = {
			isa = PBXGroup;
			children = (
				9F45E17A1D388ABA003DECDF /* Portal */,
				9F45E18F1D388ABA003DECDF /* PortalTests */,
				9F45E19A1D388ABA003DECDF /* PortalUITests */,
				9F45E1791D388ABA003DECDF /* Products */,
				3FA491F0C84304D9B25F552E /* Pods */,
				68C61F8FF3BEE1D2C7890FB6 /* Frameworks */,
			);
			sourceTree = "<group>";
		};
		9F45E1791D388ABA003DECDF /* Products */ = {
			isa = PBXGroup;
			children = (
				9F45E1781D388ABA003DECDF /* Portal.app */,
				9F45E18C1D388ABA003DECDF /* PortalTests.xctest */,
				9F45E1971D388ABA003DECDF /* PortalUITests.xctest */,
			);
			name = Products;
			sourceTree = "<group>";
		};
		9F45E17A1D388ABA003DECDF /* Portal */ = {
			isa = PBXGroup;
			children = (
				9F8C1C551D6D3CEA006DEA03 /* Utils */,
				9FAB0FEC1D4FA18A0017B881 /* Models */,
				9FAB0FEB1D4FA17F0017B881 /* Views */,
				9FAB0FE01D4FA0520017B881 /* ViewModels */,
				9F55B63C1D4CFB2200F1C573 /* Modules */,
				9F55B6311D4CFB0100F1C573 /* Resources */,
				9F55B6331D4CFB0100F1C573 /* SupportFiles */,
			);
			path = Portal;
			sourceTree = "<group>";
		};
		9F45E18F1D388ABA003DECDF /* PortalTests */ = {
			isa = PBXGroup;
			children = (
				9F45E1921D388ABA003DECDF /* Info.plist */,
				9FB8FF1E1D6360A10015C945 /* FileSpec.swift */,
			);
			path = PortalTests;
			sourceTree = "<group>";
		};
		9F45E19A1D388ABA003DECDF /* PortalUITests */ = {
			isa = PBXGroup;
			children = (
				9F45E19B1D388ABA003DECDF /* PortalUITests.swift */,
				9F45E19D1D388ABA003DECDF /* Info.plist */,
			);
			path = PortalUITests;
			sourceTree = "<group>";
		};
		9F55B6311D4CFB0100F1C573 /* Resources */ = {
			isa = PBXGroup;
			children = (
				9F55B6321D4CFB0100F1C573 /* Assets.xcassets */,
			);
			path = Resources;
			sourceTree = "<group>";
		};
		9F55B6331D4CFB0100F1C573 /* SupportFiles */ = {
			isa = PBXGroup;
			children = (
				9F55B6341D4CFB0100F1C573 /* AppDelegate.swift */,
				9F55B6351D4CFB0100F1C573 /* LaunchScreen.storyboard */,
				9F55B6371D4CFB0100F1C573 /* Info.plist */,
			);
			path = SupportFiles;
			sourceTree = "<group>";
		};
		9F55B63C1D4CFB2200F1C573 /* Modules */ = {
			isa = PBXGroup;
			children = (
			);
			name = Modules;
			sourceTree = "<group>";
		};
		9F8C1C551D6D3CEA006DEA03 /* Utils */ = {
			isa = PBXGroup;
			children = (
				9F8C1C561D6D3D96006DEA03 /* Router.swift */,
				9F8C1C5A1D6D4940006DEA03 /* Global.swift */,
			);
			name = Utils;
			sourceTree = "<group>";
		};
		9FAB0FE01D4FA0520017B881 /* ViewModels */ = {
			isa = PBXGroup;
			children = (
				9FAB0FE11D4FA0770017B881 /* BaseClasses */,
			);
			name = ViewModels;
			sourceTree = "<group>";
		};
		9FAB0FE11D4FA0770017B881 /* BaseClasses */ = {
			isa = PBXGroup;
			children = (
				9FAB0FE91D4FA14B0017B881 /* ViewModel.swift */,
				9FAB0FF41D4FA9AB0017B881 /* ViewModelServices.swift */,
				9FAB0FF61D4FAA0D0017B881 /* NavigationProtocal.swift */,
			);
			name = BaseClasses;
			sourceTree = "<group>";
		};
		9FAB0FEB1D4FA17F0017B881 /* Views */ = {
			isa = PBXGroup;
			children = (
				9FAB0FED1D4FA1DF0017B881 /* BaseClasses */,
			);
			name = Views;
			sourceTree = "<group>";
		};
		9FAB0FEC1D4FA18A0017B881 /* Models */ = {
			isa = PBXGroup;
			children = (
				FA5C55581D62CFDB003DDDC3 /* File */,
			);
			name = Models;
			sourceTree = "<group>";
		};
		9FAB0FED1D4FA1DF0017B881 /* BaseClasses */ = {
			isa = PBXGroup;
			children = (
				9FAB0FEE1D4FA21E0017B881 /* NavigationControllerStack.swift */,
				9FAB0FF01D4FA2710017B881 /* ViewController.swift */,
				9FAB0FF21D4FA70F0017B881 /* NavigationController.swift */,
			);
			name = BaseClasses;
			sourceTree = "<group>";
		};
		FA5C55581D62CFDB003DDDC3 /* File */ = {
			isa = PBXGroup;
			children = (
				FA5C55591D62D026003DDDC3 /* File.swift */,
			);
			name = File;
			sourceTree = "<group>";
		};
/* End PBXGroup section */

/* Begin PBXNativeTarget section */
		9F45E1771D388ABA003DECDF /* Portal */ = {
			isa = PBXNativeTarget;
			buildConfigurationList = 9F45E1A01D388ABA003DECDF /* Build configuration list for PBXNativeTarget "Portal" */;
			buildPhases = (
				CDC82CC7309C7E55A8284883 /* [CP] Check Pods Manifest.lock */,
				9F45E1741D388ABA003DECDF /* Sources */,
				9F45E1751D388ABA003DECDF /* Frameworks */,
				9F45E1761D388ABA003DECDF /* Resources */,
				0B7FE7A2927603C30EF4ABF2 /* [CP] Embed Pods Frameworks */,
				42679E8799E513D42B8B7DB9 /* [CP] Copy Pods Resources */,
			);
			buildRules = (
			);
			dependencies = (
			);
			name = Portal;
			productName = Portal;
			productReference = 9F45E1781D388ABA003DECDF /* Portal.app */;
			productType = "com.apple.product-type.application";
		};
		9F45E18B1D388ABA003DECDF /* PortalTests */ = {
			isa = PBXNativeTarget;
			buildConfigurationList = 9F45E1A31D388ABA003DECDF /* Build configuration list for PBXNativeTarget "PortalTests" */;
			buildPhases = (
				8EF7BDD0A79B692AEDD71A7C /* [CP] Check Pods Manifest.lock */,
				9F45E1881D388ABA003DECDF /* Sources */,
				9F45E1891D388ABA003DECDF /* Frameworks */,
				9F45E18A1D388ABA003DECDF /* Resources */,
				0B3DDA05549043805D0F90BF /* [CP] Embed Pods Frameworks */,
				39D8AAD676F85EA274FB1070 /* [CP] Copy Pods Resources */,
			);
			buildRules = (
			);
			dependencies = (
				9F45E18E1D388ABA003DECDF /* PBXTargetDependency */,
			);
			name = PortalTests;
			productName = PortalTests;
			productReference = 9F45E18C1D388ABA003DECDF /* PortalTests.xctest */;
			productType = "com.apple.product-type.bundle.unit-test";
		};
		9F45E1961D388ABA003DECDF /* PortalUITests */ = {
			isa = PBXNativeTarget;
			buildConfigurationList = 9F45E1A61D388ABA003DECDF /* Build configuration list for PBXNativeTarget "PortalUITests" */;
			buildPhases = (
				213D8834C2CA813F3F0F69F4 /* [CP] Check Pods Manifest.lock */,
				9F45E1931D388ABA003DECDF /* Sources */,
				9F45E1941D388ABA003DECDF /* Frameworks */,
				9F45E1951D388ABA003DECDF /* Resources */,
				7AEEE3C9812BF04EC3E70518 /* [CP] Copy Pods Resources */,
			);
			buildRules = (
			);
			dependencies = (
				9F45E1991D388ABA003DECDF /* PBXTargetDependency */,
			);
			name = PortalUITests;
			productName = PortalUITests;
			productReference = 9F45E1971D388ABA003DECDF /* PortalUITests.xctest */;
			productType = "com.apple.product-type.bundle.ui-testing";
		};
/* End PBXNativeTarget section */

/* Begin PBXProject section */
		9F45E1701D388ABA003DECDF /* Project object */ = {
			isa = PBXProject;
			attributes = {
				LastSwiftUpdateCheck = 0730;
				LastUpgradeCheck = 0730;
				ORGANIZATIONNAME = Allen;
				TargetAttributes = {
					9F45E1771D388ABA003DECDF = {
						CreatedOnToolsVersion = 7.3.1;
						DevelopmentTeam = JX5LFX27DB;
					};
					9F45E18B1D388ABA003DECDF = {
						CreatedOnToolsVersion = 7.3.1;
						TestTargetID = 9F45E1771D388ABA003DECDF;
					};
					9F45E1961D388ABA003DECDF = {
						CreatedOnToolsVersion = 7.3.1;
						TestTargetID = 9F45E1771D388ABA003DECDF;
					};
				};
			};
			buildConfigurationList = 9F45E1731D388ABA003DECDF /* Build configuration list for PBXProject "Portal" */;
			compatibilityVersion = "Xcode 3.2";
			developmentRegion = English;
			hasScannedForEncodings = 0;
			knownRegions = (
				en,
				Base,
			);
			mainGroup = 9F45E16F1D388ABA003DECDF;
			productRefGroup = 9F45E1791D388ABA003DECDF /* Products */;
			projectDirPath = "";
			projectRoot = "";
			targets = (
				9F45E1771D388ABA003DECDF /* Portal */,
				9F45E18B1D388ABA003DECDF /* PortalTests */,
				9F45E1961D388ABA003DECDF /* PortalUITests */,
			);
		};
/* End PBXProject section */

/* Begin PBXResourcesBuildPhase section */
		9F45E1761D388ABA003DECDF /* Resources */ = {
			isa = PBXResourcesBuildPhase;
			buildActionMask = 2147483647;
			files = (
				9F55B6381D4CFB0100F1C573 /* Assets.xcassets in Resources */,
				9F55B63A1D4CFB0100F1C573 /* LaunchScreen.storyboard in Resources */,
			);
			runOnlyForDeploymentPostprocessing = 0;
		};
		9F45E18A1D388ABA003DECDF /* Resources */ = {
			isa = PBXResourcesBuildPhase;
			buildActionMask = 2147483647;
			files = (
			);
			runOnlyForDeploymentPostprocessing = 0;
		};
		9F45E1951D388ABA003DECDF /* Resources */ = {
			isa = PBXResourcesBuildPhase;
			buildActionMask = 2147483647;
			files = (
			);
			runOnlyForDeploymentPostprocessing = 0;
		};
/* End PBXResourcesBuildPhase section */

/* Begin PBXShellScriptBuildPhase section */
		0B3DDA05549043805D0F90BF /* [CP] Embed Pods Frameworks */ = {
			isa = PBXShellScriptBuildPhase;
			buildActionMask = 2147483647;
			files = (
			);
			inputPaths = (
			);
			name = "[CP] Embed Pods Frameworks";
			outputPaths = (
			);
			runOnlyForDeploymentPostprocessing = 0;
			shellPath = /bin/sh;
			shellScript = "\"${SRCROOT}/Pods/Target Support Files/Pods-PortalTests/Pods-PortalTests-frameworks.sh\"\n";
			showEnvVarsInLog = 0;
		};
		0B7FE7A2927603C30EF4ABF2 /* [CP] Embed Pods Frameworks */ = {
			isa = PBXShellScriptBuildPhase;
			buildActionMask = 2147483647;
			files = (
			);
			inputPaths = (
			);
			name = "[CP] Embed Pods Frameworks";
			outputPaths = (
			);
			runOnlyForDeploymentPostprocessing = 0;
			shellPath = /bin/sh;
			shellScript = "\"${SRCROOT}/Pods/Target Support Files/Pods-Portal/Pods-Portal-frameworks.sh\"\n";
			showEnvVarsInLog = 0;
		};
		213D8834C2CA813F3F0F69F4 /* [CP] Check Pods Manifest.lock */ = {
			isa = PBXShellScriptBuildPhase;
			buildActionMask = 2147483647;
			files = (
			);
			inputPaths = (
			);
			name = "[CP] Check Pods Manifest.lock";
			outputPaths = (
			);
			runOnlyForDeploymentPostprocessing = 0;
			shellPath = /bin/sh;
			shellScript = "diff \"${PODS_ROOT}/../Podfile.lock\" \"${PODS_ROOT}/Manifest.lock\" > /dev/null\nif [[ $? != 0 ]] ; then\n    cat << EOM\nerror: The sandbox is not in sync with the Podfile.lock. Run 'pod install' or update your CocoaPods installation.\nEOM\n    exit 1\nfi\n";
			showEnvVarsInLog = 0;
		};
		39D8AAD676F85EA274FB1070 /* [CP] Copy Pods Resources */ = {
			isa = PBXShellScriptBuildPhase;
			buildActionMask = 2147483647;
			files = (
			);
			inputPaths = (
			);
			name = "[CP] Copy Pods Resources";
			outputPaths = (
			);
			runOnlyForDeploymentPostprocessing = 0;
			shellPath = /bin/sh;
			shellScript = "\"${SRCROOT}/Pods/Target Support Files/Pods-PortalTests/Pods-PortalTests-resources.sh\"\n";
			showEnvVarsInLog = 0;
		};
		42679E8799E513D42B8B7DB9 /* [CP] Copy Pods Resources */ = {
			isa = PBXShellScriptBuildPhase;
			buildActionMask = 2147483647;
			files = (
			);
			inputPaths = (
			);
			name = "[CP] Copy Pods Resources";
			outputPaths = (
			);
			runOnlyForDeploymentPostprocessing = 0;
			shellPath = /bin/sh;
			shellScript = "\"${SRCROOT}/Pods/Target Support Files/Pods-Portal/Pods-Portal-resources.sh\"\n";
			showEnvVarsInLog = 0;
		};
		7AEEE3C9812BF04EC3E70518 /* [CP] Copy Pods Resources */ = {
			isa = PBXShellScriptBuildPhase;
			buildActionMask = 2147483647;
			files = (
			);
			inputPaths = (
			);
			name = "[CP] Copy Pods Resources";
			outputPaths = (
			);
			runOnlyForDeploymentPostprocessing = 0;
			shellPath = /bin/sh;
			shellScript = "\"${SRCROOT}/Pods/Target Support Files/Pods-PortalUITests/Pods-PortalUITests-resources.sh\"\n";
			showEnvVarsInLog = 0;
		};
		8EF7BDD0A79B692AEDD71A7C /* [CP] Check Pods Manifest.lock */ = {
			isa = PBXShellScriptBuildPhase;
			buildActionMask = 2147483647;
			files = (
			);
			inputPaths = (
			);
			name = "[CP] Check Pods Manifest.lock";
			outputPaths = (
			);
			runOnlyForDeploymentPostprocessing = 0;
			shellPath = /bin/sh;
			shellScript = "diff \"${PODS_ROOT}/../Podfile.lock\" \"${PODS_ROOT}/Manifest.lock\" > /dev/null\nif [[ $? != 0 ]] ; then\n    cat << EOM\nerror: The sandbox is not in sync with the Podfile.lock. Run 'pod install' or update your CocoaPods installation.\nEOM\n    exit 1\nfi\n";
			showEnvVarsInLog = 0;
		};
		CDC82CC7309C7E55A8284883 /* [CP] Check Pods Manifest.lock */ = {
			isa = PBXShellScriptBuildPhase;
			buildActionMask = 2147483647;
			files = (
			);
			inputPaths = (
			);
			name = "[CP] Check Pods Manifest.lock";
			outputPaths = (
			);
			runOnlyForDeploymentPostprocessing = 0;
			shellPath = /bin/sh;
			shellScript = "diff \"${PODS_ROOT}/../Podfile.lock\" \"${PODS_ROOT}/Manifest.lock\" > /dev/null\nif [[ $? != 0 ]] ; then\n    cat << EOM\nerror: The sandbox is not in sync with the Podfile.lock. Run 'pod install' or update your CocoaPods installation.\nEOM\n    exit 1\nfi\n";
			showEnvVarsInLog = 0;
		};
/* End PBXShellScriptBuildPhase section */

/* Begin PBXSourcesBuildPhase section */
		9F45E1741D388ABA003DECDF /* Sources */ = {
			isa = PBXSourcesBuildPhase;
			buildActionMask = 2147483647;
			files = (
				9F8C1C571D6D3D96006DEA03 /* Router.swift in Sources */,
				9FAB0FF51D4FA9AB0017B881 /* ViewModelServices.swift in Sources */,
				9FAB0FEF1D4FA21E0017B881 /* NavigationControllerStack.swift in Sources */,
				9FAB0FF11D4FA2710017B881 /* ViewController.swift in Sources */,
				9FAB0FF31D4FA70F0017B881 /* NavigationController.swift in Sources */,
				9FAB0FF71D4FAA0D0017B881 /* NavigationProtocal.swift in Sources */,
				9F8C1C5B1D6D4940006DEA03 /* Global.swift in Sources */,
				9FAB0FEA1D4FA14B0017B881 /* ViewModel.swift in Sources */,
				FA5C555A1D62D026003DDDC3 /* File.swift in Sources */,
				9F55B6391D4CFB0100F1C573 /* AppDelegate.swift in Sources */,
			);
			runOnlyForDeploymentPostprocessing = 0;
		};
		9F45E1881D388ABA003DECDF /* Sources */ = {
			isa = PBXSourcesBuildPhase;
			buildActionMask = 2147483647;
			files = (
				9F8C1C5C1D6D4940006DEA03 /* Global.swift in Sources */,
				FA5C55571D61ED8B003DDDC3 /* NavigationProtocal.swift in Sources */,
				FA5C555B1D62D026003DDDC3 /* File.swift in Sources */,
				9F8C1C581D6D3D96006DEA03 /* Router.swift in Sources */,
				FA5C55551D61ED5B003DDDC3 /* ViewModel.swift in Sources */,
				9FB8FF1F1D6360A10015C945 /* FileSpec.swift in Sources */,
				FA5C55561D61ED6B003DDDC3 /* ViewModelServices.swift in Sources */,
			);
			runOnlyForDeploymentPostprocessing = 0;
		};
		9F45E1931D388ABA003DECDF /* Sources */ = {
			isa = PBXSourcesBuildPhase;
			buildActionMask = 2147483647;
			files = (
				9F2C05561D6C8DE000D394AC /* File.swift in Sources */,
				9F2C05571D6C8DE000D394AC /* NavigationControllerStack.swift in Sources */,
				9F2C05581D6C8DE000D394AC /* ViewController.swift in Sources */,
				9F2C05591D6C8DE000D394AC /* NavigationController.swift in Sources */,
				9F2C055B1D6C8DE000D394AC /* ViewModel.swift in Sources */,
				9F8C1C5D1D6D4940006DEA03 /* Global.swift in Sources */,
				9F2C055C1D6C8DE000D394AC /* ViewModelServices.swift in Sources */,
				9F2C055D1D6C8DE000D394AC /* NavigationProtocal.swift in Sources */,
				9F2C055E1D6C8DE000D394AC /* AppDelegate.swift in Sources */,
				9F2C055F1D6C8DE000D394AC /* FileSpec.swift in Sources */,
				9F45E19C1D388ABA003DECDF /* PortalUITests.swift in Sources */,
				9F8C1C591D6D3D96006DEA03 /* Router.swift in Sources */,
			);
			runOnlyForDeploymentPostprocessing = 0;
		};
/* End PBXSourcesBuildPhase section */

/* Begin PBXTargetDependency section */
		9F45E18E1D388ABA003DECDF /* PBXTargetDependency */ = {
			isa = PBXTargetDependency;
			target = 9F45E1771D388ABA003DECDF /* Portal */;
			targetProxy = 9F45E18D1D388ABA003DECDF /* PBXContainerItemProxy */;
		};
		9F45E1991D388ABA003DECDF /* PBXTargetDependency */ = {
			isa = PBXTargetDependency;
			target = 9F45E1771D388ABA003DECDF /* Portal */;
			targetProxy = 9F45E1981D388ABA003DECDF /* PBXContainerItemProxy */;
		};
/* End PBXTargetDependency section */

/* Begin PBXVariantGroup section */
		9F55B6351D4CFB0100F1C573 /* LaunchScreen.storyboard */ = {
			isa = PBXVariantGroup;
			children = (
				9F55B6361D4CFB0100F1C573 /* Base */,
			);
			name = LaunchScreen.storyboard;
			sourceTree = "<group>";
		};
/* End PBXVariantGroup section */

/* Begin XCBuildConfiguration section */
		9F45E19E1D388ABA003DECDF /* Debug */ = {
			isa = XCBuildConfiguration;
			buildSettings = {
				ALWAYS_SEARCH_USER_PATHS = NO;
				CLANG_ANALYZER_NONNULL = YES;
				CLANG_CXX_LANGUAGE_STANDARD = "gnu++0x";
				CLANG_CXX_LIBRARY = "libc++";
				CLANG_ENABLE_MODULES = YES;
				CLANG_ENABLE_OBJC_ARC = YES;
				CLANG_WARN_BOOL_CONVERSION = YES;
				CLANG_WARN_CONSTANT_CONVERSION = YES;
				CLANG_WARN_DIRECT_OBJC_ISA_USAGE = YES_ERROR;
				CLANG_WARN_EMPTY_BODY = YES;
				CLANG_WARN_ENUM_CONVERSION = YES;
				CLANG_WARN_INT_CONVERSION = YES;
				CLANG_WARN_OBJC_ROOT_CLASS = YES_ERROR;
				CLANG_WARN_UNREACHABLE_CODE = YES;
				CLANG_WARN__DUPLICATE_METHOD_MATCH = YES;
				"CODE_SIGN_IDENTITY[sdk=iphoneos*]" = "iPhone Developer";
				COPY_PHASE_STRIP = NO;
				DEBUG_INFORMATION_FORMAT = dwarf;
				DEFINES_MODULE = YES;
				ENABLE_STRICT_OBJC_MSGSEND = YES;
				ENABLE_TESTABILITY = YES;
				GCC_C_LANGUAGE_STANDARD = gnu99;
				GCC_DYNAMIC_NO_PIC = NO;
				GCC_NO_COMMON_BLOCKS = YES;
				GCC_OPTIMIZATION_LEVEL = 0;
				GCC_PREPROCESSOR_DEFINITIONS = (
					"DEBUG=1",
					"$(inherited)",
				);
				GCC_WARN_64_TO_32_BIT_CONVERSION = YES;
				GCC_WARN_ABOUT_RETURN_TYPE = YES_ERROR;
				GCC_WARN_UNDECLARED_SELECTOR = YES;
				GCC_WARN_UNINITIALIZED_AUTOS = YES_AGGRESSIVE;
				GCC_WARN_UNUSED_FUNCTION = YES;
				GCC_WARN_UNUSED_VARIABLE = YES;
				IPHONEOS_DEPLOYMENT_TARGET = 9.3;
				MTL_ENABLE_DEBUG_INFO = YES;
				ONLY_ACTIVE_ARCH = YES;
				SDKROOT = iphoneos;
				SWIFT_OPTIMIZATION_LEVEL = "-Onone";
			};
			name = Debug;
		};
		9F45E19F1D388ABA003DECDF /* Release */ = {
			isa = XCBuildConfiguration;
			buildSettings = {
				ALWAYS_SEARCH_USER_PATHS = NO;
				CLANG_ANALYZER_NONNULL = YES;
				CLANG_CXX_LANGUAGE_STANDARD = "gnu++0x";
				CLANG_CXX_LIBRARY = "libc++";
				CLANG_ENABLE_MODULES = YES;
				CLANG_ENABLE_OBJC_ARC = YES;
				CLANG_WARN_BOOL_CONVERSION = YES;
				CLANG_WARN_CONSTANT_CONVERSION = YES;
				CLANG_WARN_DIRECT_OBJC_ISA_USAGE = YES_ERROR;
				CLANG_WARN_EMPTY_BODY = YES;
				CLANG_WARN_ENUM_CONVERSION = YES;
				CLANG_WARN_INT_CONVERSION = YES;
				CLANG_WARN_OBJC_ROOT_CLASS = YES_ERROR;
				CLANG_WARN_UNREACHABLE_CODE = YES;
				CLANG_WARN__DUPLICATE_METHOD_MATCH = YES;
				"CODE_SIGN_IDENTITY[sdk=iphoneos*]" = "iPhone Developer";
				COPY_PHASE_STRIP = NO;
				DEBUG_INFORMATION_FORMAT = "dwarf-with-dsym";
				DEFINES_MODULE = YES;
				ENABLE_NS_ASSERTIONS = NO;
				ENABLE_STRICT_OBJC_MSGSEND = YES;
				GCC_C_LANGUAGE_STANDARD = gnu99;
				GCC_NO_COMMON_BLOCKS = YES;
				GCC_WARN_64_TO_32_BIT_CONVERSION = YES;
				GCC_WARN_ABOUT_RETURN_TYPE = YES_ERROR;
				GCC_WARN_UNDECLARED_SELECTOR = YES;
				GCC_WARN_UNINITIALIZED_AUTOS = YES_AGGRESSIVE;
				GCC_WARN_UNUSED_FUNCTION = YES;
				GCC_WARN_UNUSED_VARIABLE = YES;
				IPHONEOS_DEPLOYMENT_TARGET = 9.3;
				MTL_ENABLE_DEBUG_INFO = NO;
				SDKROOT = iphoneos;
				VALIDATE_PRODUCT = YES;
			};
			name = Release;
		};
		9F45E1A11D388ABA003DECDF /* Debug */ = {
			isa = XCBuildConfiguration;
			baseConfigurationReference = 20266D7A7536289448EB66B8 /* Pods-Portal.debug.xcconfig */;
			buildSettings = {
				ASSETCATALOG_COMPILER_APPICON_NAME = AppIcon;
				CODE_SIGN_IDENTITY = "iPhone Developer";
				"CODE_SIGN_IDENTITY[sdk=iphoneos*]" = "iPhone Developer";
				INFOPLIST_FILE = "$(SRCROOT)/Portal/SupportFiles/Info.plist";
				LD_RUNPATH_SEARCH_PATHS = "$(inherited) @executable_path/Frameworks";
				PRODUCT_BUNDLE_IDENTIFIER = com.allen.Portal;
				PRODUCT_NAME = "$(TARGET_NAME)";
				PROVISIONING_PROFILE = "";
			};
			name = Debug;
		};
		9F45E1A21D388ABA003DECDF /* Release */ = {
			isa = XCBuildConfiguration;
			baseConfigurationReference = 3CC038D04356E4D91E56DA78 /* Pods-Portal.release.xcconfig */;
			buildSettings = {
				ASSETCATALOG_COMPILER_APPICON_NAME = AppIcon;
				CODE_SIGN_IDENTITY = "iPhone Developer";
				"CODE_SIGN_IDENTITY[sdk=iphoneos*]" = "iPhone Developer";
				INFOPLIST_FILE = "$(SRCROOT)/Portal/SupportFiles/Info.plist";
				LD_RUNPATH_SEARCH_PATHS = "$(inherited) @executable_path/Frameworks";
				PRODUCT_BUNDLE_IDENTIFIER = com.allen.Portal;
				PRODUCT_NAME = "$(TARGET_NAME)";
				PROVISIONING_PROFILE = "";
			};
			name = Release;
		};
		9F45E1A41D388ABA003DECDF /* Debug */ = {
			isa = XCBuildConfiguration;
			baseConfigurationReference = 999882C20DCE9EF77391160C /* Pods-PortalTests.debug.xcconfig */;
			buildSettings = {
				BUNDLE_LOADER = "$(TEST_HOST)";
				INFOPLIST_FILE = PortalTests/Info.plist;
				LD_RUNPATH_SEARCH_PATHS = "$(inherited) @executable_path/Frameworks @loader_path/Frameworks";
				PRODUCT_BUNDLE_IDENTIFIER = com.allen.PortalTests;
				PRODUCT_NAME = "$(TARGET_NAME)";
				TEST_HOST = "$(BUILT_PRODUCTS_DIR)/Portal.app/Portal";
			};
			name = Debug;
		};
		9F45E1A51D388ABA003DECDF /* Release */ = {
			isa = XCBuildConfiguration;
			baseConfigurationReference = DE45ED37E4A9B418C74DDAF0 /* Pods-PortalTests.release.xcconfig */;
			buildSettings = {
				BUNDLE_LOADER = "$(TEST_HOST)";
				INFOPLIST_FILE = PortalTests/Info.plist;
				LD_RUNPATH_SEARCH_PATHS = "$(inherited) @executable_path/Frameworks @loader_path/Frameworks";
				PRODUCT_BUNDLE_IDENTIFIER = com.allen.PortalTests;
				PRODUCT_NAME = "$(TARGET_NAME)";
				TEST_HOST = "$(BUILT_PRODUCTS_DIR)/Portal.app/Portal";
			};
			name = Release;
		};
		9F45E1A71D388ABA003DECDF /* Debug */ = {
			isa = XCBuildConfiguration;
			baseConfigurationReference = 0210F3EE1537CC96B4712535 /* Pods-PortalUITests.debug.xcconfig */;
			buildSettings = {
				INFOPLIST_FILE = PortalUITests/Info.plist;
				LD_RUNPATH_SEARCH_PATHS = "$(inherited) @executable_path/Frameworks @loader_path/Frameworks";
				PRODUCT_BUNDLE_IDENTIFIER = com.allen.PortalUITests;
				PRODUCT_NAME = "$(TARGET_NAME)";
				TEST_TARGET_NAME = Portal;
			};
			name = Debug;
		};
		9F45E1A81D388ABA003DECDF /* Release */ = {
			isa = XCBuildConfiguration;
			baseConfigurationReference = AF53E2C866840CDCEAE55F4B /* Pods-PortalUITests.release.xcconfig */;
			buildSettings = {
				INFOPLIST_FILE = PortalUITests/Info.plist;
				LD_RUNPATH_SEARCH_PATHS = "$(inherited) @executable_path/Frameworks @loader_path/Frameworks";
				PRODUCT_BUNDLE_IDENTIFIER = com.allen.PortalUITests;
				PRODUCT_NAME = "$(TARGET_NAME)";
				TEST_TARGET_NAME = Portal;
			};
			name = Release;
		};
/* End XCBuildConfiguration section */

/* Begin XCConfigurationList section */
		9F45E1731D388ABA003DECDF /* Build configuration list for PBXProject "Portal" */ = {
			isa = XCConfigurationList;
			buildConfigurations = (
				9F45E19E1D388ABA003DECDF /* Debug */,
				9F45E19F1D388ABA003DECDF /* Release */,
			);
			defaultConfigurationIsVisible = 0;
			defaultConfigurationName = Release;
		};
		9F45E1A01D388ABA003DECDF /* Build configuration list for PBXNativeTarget "Portal" */ = {
			isa = XCConfigurationList;
			buildConfigurations = (
				9F45E1A11D388ABA003DECDF /* Debug */,
				9F45E1A21D388ABA003DECDF /* Release */,
			);
			defaultConfigurationIsVisible = 0;
			defaultConfigurationName = Release;
		};
		9F45E1A31D388ABA003DECDF /* Build configuration list for PBXNativeTarget "PortalTests" */ = {
			isa = XCConfigurationList;
			buildConfigurations = (
				9F45E1A41D388ABA003DECDF /* Debug */,
				9F45E1A51D388ABA003DECDF /* Release */,
			);
			defaultConfigurationIsVisible = 0;
			defaultConfigurationName = Release;
		};
		9F45E1A61D388ABA003DECDF /* Build configuration list for PBXNativeTarget "PortalUITests" */ = {
			isa = XCConfigurationList;
			buildConfigurations = (
				9F45E1A71D388ABA003DECDF /* Debug */,
				9F45E1A81D388ABA003DECDF /* Release */,
			);
			defaultConfigurationIsVisible = 0;
			defaultConfigurationName = Release;
		};
/* End XCConfigurationList section */
	};
	rootObject = 9F45E1701D388ABA003DECDF /* Project object */;
}
